
Microsoft Visual Studio Solution File, Format Version 12.00
# Visual Studio Version 16
VisualStudioVersion = 16.0.30523.141
MinimumVisualStudioVersion = 10.0.40219.1
Project("{FAE04EC0-301F-11D3-BF4B-00C04F79EFBC}") = "FizzBuzz.Tests", "FizzBuzzTest\FizzBuzz.Tests.csproj", "{6247B749-2989-4161-A01E-B65A808E5376}"
EndProject
Project("{FAE04EC0-301F-11D3-BF4B-00C04F79EFBC}") = "FizzBuzz", "FizzBuzz\FizzBuzz.csproj", "{4C925721-5036-4DAB-AA1E-2CB560574877}"
EndProject
Global
	GlobalSection(SolutionConfigurationPlatforms) = preSolution
		Debug|Any CPU = Debug|Any CPU
		Release|Any CPU = Release|Any CPU
	EndGlobalSection
	GlobalSection(ProjectConfigurationPlatforms) = postSolution
		{6247B749-2989-4161-A01E-B65A808E5376}.Debug|Any CPU.ActiveCfg = Debug|Any CPU
		{6247B749-2989-4161-A01E-B65A808E5376}.Debug|Any CPU.Build.0 = Debug|Any CPU
		{6247B749-2989-4161-A01E-B65A808E5376}.Release|Any CPU.ActiveCfg = Release|Any CPU
		{6247B749-2989-4161-A01E-B65A808E5376}.Release|Any CPU.Build.0 = Release|Any CPU
		{4C925721-5036-4DAB-AA1E-2CB560574877}.Debug|Any CPU.ActiveCfg = Debug|Any CPU
		{4C925721-5036-4DAB-AA1E-2CB560574877}.Debug|Any CPU.Build.0 = Debug|Any CPU
		{4C925721-5036-4DAB-AA1E-2CB560574877}.Release|Any CPU.ActiveCfg = Release|Any CPU
		{4C925721-5036-4DAB-AA1E-2CB560574877}.Release|Any CPU.Build.0 = Release|Any CPU
	EndGlobalSection
	GlobalSection(SolutionProperties) = preSolution
		HideSolutionNode = FALSE
	EndGlobalSection
	GlobalSection(ExtensibilityGlobals) = postSolution
		SolutionGuid = {5EA71597-9566-4280-B0DD-B2E3A1CF8372}
	EndGlobalSection
EndGlobal
